
Microsoft Visual Studio Solution File, Format Version 12.00
# Visual Studio Version 17
VisualStudioVersion = 17.1.32414.318
MinimumVisualStudioVersion = 10.0.40219.1
Project("{FAE04EC0-301F-11D3-BF4B-00C04F79EFBC}") = "PremiumCalculatorApi", "PremiumCalculatorApi.csproj", "{C11AF03F-A5A1-4E88-BC48-C19E9E0CE63A}"
EndProject
Project("{FAE04EC0-301F-11D3-BF4B-00C04F79EFBC}") = "Domain", "..\Domain\Domain.csproj", "{4042AB02-61E0-4FEB-8122-A1E27403519C}"
EndProject
Project("{FAE04EC0-301F-11D3-BF4B-00C04F79EFBC}") = "DataAccess", "..\DataAccess\DataAccess.csproj", "{2908456B-3BA9-4074-BC2A-5CD4ACE62FB7}"
EndProject
Global
	GlobalSection(SolutionConfigurationPlatforms) = preSolution
		Debug|Any CPU = Debug|Any CPU
		Release|Any CPU = Release|Any CPU
	EndGlobalSection
	GlobalSection(ProjectConfigurationPlatforms) = postSolution
		{C11AF03F-A5A1-4E88-BC48-C19E9E0CE63A}.Debug|Any CPU.ActiveCfg = Debug|Any CPU
		{C11AF03F-A5A1-4E88-BC48-C19E9E0CE63A}.Debug|Any CPU.Build.0 = Debug|Any CPU
		{C11AF03F-A5A1-4E88-BC48-C19E9E0CE63A}.Release|Any CPU.ActiveCfg = Release|Any CPU
		{C11AF03F-A5A1-4E88-BC48-C19E9E0CE63A}.Release|Any CPU.Build.0 = Release|Any CPU
		{4042AB02-61E0-4FEB-8122-A1E27403519C}.Debug|Any CPU.ActiveCfg = Debug|Any CPU
		{4042AB02-61E0-4FEB-8122-A1E27403519C}.Debug|Any CPU.Build.0 = Debug|Any CPU
		{4042AB02-61E0-4FEB-8122-A1E27403519C}.Release|Any CPU.ActiveCfg = Release|Any CPU
		{4042AB02-61E0-4FEB-8122-A1E27403519C}.Release|Any CPU.Build.0 = Release|Any CPU
		{2908456B-3BA9-4074-BC2A-5CD4ACE62FB7}.Debug|Any CPU.ActiveCfg = Debug|Any CPU
		{2908456B-3BA9-4074-BC2A-5CD4ACE62FB7}.Debug|Any CPU.Build.0 = Debug|Any CPU
		{2908456B-3BA9-4074-BC2A-5CD4ACE62FB7}.Release|Any CPU.ActiveCfg = Release|Any CPU
		{2908456B-3BA9-4074-BC2A-5CD4ACE62FB7}.Release|Any CPU.Build.0 = Release|Any CPU
	EndGlobalSection
	GlobalSection(SolutionProperties) = preSolution
		HideSolutionNode = FALSE
	EndGlobalSection
	GlobalSection(ExtensibilityGlobals) = postSolution
		SolutionGuid = {98AA4413-899A-4CBA-82A1-04740FAE25C8}
	EndGlobalSection
EndGlobal
